// !$*UTF8*$!
{
	archiveVersion = 1;
	classes = {
	};
	objectVersion = 50;
	objects = {

/* Begin PBXBuildFile section */
		093E4C4B27383BCE00C184BA /* CredentialsStore.swift in Sources */ = {isa = PBXBuildFile; fileRef = 093E4C4A27383BCE00C184BA /* CredentialsStore.swift */; };
		093E4C4F27383CD200C184BA /* TokenRefresher.swift in Sources */ = {isa = PBXBuildFile; fileRef = 093E4C4E27383CD200C184BA /* TokenRefresher.swift */; };
		093E4C512738430B00C184BA /* APIKit.swift in Sources */ = {isa = PBXBuildFile; fileRef = 093E4C502738430B00C184BA /* APIKit.swift */; };
		09CAD39F2735715100D2F2A3 /* HTTPMethod.swift in Sources */ = {isa = PBXBuildFile; fileRef = 09CAD39E2735715100D2F2A3 /* HTTPMethod.swift */; };
		5C43090C22BF80CD00397436 /* APIError.swift in Sources */ = {isa = PBXBuildFile; fileRef = 5C43090B22BF80CD00397436 /* APIError.swift */; };
		5C43090E22BF81A900397436 /* Result.swift in Sources */ = {isa = PBXBuildFile; fileRef = 5C43090D22BF81A900397436 /* Result.swift */; };
		5C43091022BF8FB800397436 /* APICallback.swift in Sources */ = {isa = PBXBuildFile; fileRef = 5C43090F22BF8FB800397436 /* APICallback.swift */; };
		5C43091222BF94E200397436 /* Observable.swift in Sources */ = {isa = PBXBuildFile; fileRef = 5C43091122BF94E200397436 /* Observable.swift */; };
		5C5140D722B6E4990072C98E /* APIKit.framework in Frameworks */ = {isa = PBXBuildFile; fileRef = 5C5140CD22B6E4980072C98E /* APIKit.framework */; };
		5C5140DC22B6E4990072C98E /* APIKitTests.swift in Sources */ = {isa = PBXBuildFile; fileRef = 5C5140DB22B6E4990072C98E /* APIKitTests.swift */; };
		5C5140DE22B6E4990072C98E /* APIKit.h in Headers */ = {isa = PBXBuildFile; fileRef = 5C5140D022B6E4990072C98E /* APIKit.h */; settings = {ATTRIBUTES = (Public, ); }; };
		5C5140E822B6E5440072C98E /* Call.swift in Sources */ = {isa = PBXBuildFile; fileRef = 5C5140E722B6E5440072C98E /* Call.swift */; };
		5C5140EA22B6EBB90072C98E /* APICall.swift in Sources */ = {isa = PBXBuildFile; fileRef = 5C5140E922B6EBB90072C98E /* APICall.swift */; };
		5C5140ED22B6EC220072C98E /* RequestSender.swift in Sources */ = {isa = PBXBuildFile; fileRef = 5C5140EC22B6EC220072C98E /* RequestSender.swift */; };
		5C5140F122B6EC930072C98E /* HTTPResponse.swift in Sources */ = {isa = PBXBuildFile; fileRef = 5C5140F022B6EC930072C98E /* HTTPResponse.swift */; };
		5C5140FA22B7034C0072C98E /* APIModel.swift in Sources */ = {isa = PBXBuildFile; fileRef = 5C5140F922B7034C0072C98E /* APIModel.swift */; };
		5CC8660C22D54D5100C0CE63 /* Endpoint.swift in Sources */ = {isa = PBXBuildFile; fileRef = 5CC8660B22D54D5100C0CE63 /* Endpoint.swift */; };
		5CDA0D9D22C18E7B001FBC44 /* DemoSpec.swift in Sources */ = {isa = PBXBuildFile; fileRef = 5CDA0D9C22C18E7B001FBC44 /* DemoSpec.swift */; };
/* End PBXBuildFile section */

/* Begin PBXContainerItemProxy section */
		5C5140D822B6E4990072C98E /* PBXContainerItemProxy */ = {
			isa = PBXContainerItemProxy;
			containerPortal = 5C5140C422B6E4980072C98E /* Project object */;
			proxyType = 1;
			remoteGlobalIDString = 5C5140CC22B6E4980072C98E;
			remoteInfo = APIKit;
		};
		5CC8660722D54CC600C0CE63 /* PBXContainerItemProxy */ = {
			isa = PBXContainerItemProxy;
			containerPortal = 5CC8660222D54CC600C0CE63 /* SampleApp.xcodeproj */;
			proxyType = 2;
			remoteGlobalIDString = 5CEFFE0922D2914100340CC6;
			remoteInfo = SampleApp;
		};
		5CC8660922D54CC600C0CE63 /* PBXContainerItemProxy */ = {
			isa = PBXContainerItemProxy;
			containerPortal = 5CC8660222D54CC600C0CE63 /* SampleApp.xcodeproj */;
			proxyType = 2;
			remoteGlobalIDString = 5CEFFE1D22D2914400340CC6;
			remoteInfo = SampleAppTests;
		};
/* End PBXContainerItemProxy section */

/* Begin PBXFileReference section */
		093E4C4A27383BCE00C184BA /* CredentialsStore.swift */ = {isa = PBXFileReference; lastKnownFileType = sourcecode.swift; path = CredentialsStore.swift; sourceTree = "<group>"; };
		093E4C4E27383CD200C184BA /* TokenRefresher.swift */ = {isa = PBXFileReference; lastKnownFileType = sourcecode.swift; path = TokenRefresher.swift; sourceTree = "<group>"; };
		093E4C502738430B00C184BA /* APIKit.swift */ = {isa = PBXFileReference; lastKnownFileType = sourcecode.swift; path = APIKit.swift; sourceTree = "<group>"; };
		09CAD39E2735715100D2F2A3 /* HTTPMethod.swift */ = {isa = PBXFileReference; lastKnownFileType = sourcecode.swift; path = HTTPMethod.swift; sourceTree = "<group>"; };
		5C43090B22BF80CD00397436 /* APIError.swift */ = {isa = PBXFileReference; lastKnownFileType = sourcecode.swift; path = APIError.swift; sourceTree = "<group>"; };
		5C43090D22BF81A900397436 /* Result.swift */ = {isa = PBXFileReference; lastKnownFileType = sourcecode.swift; path = Result.swift; sourceTree = "<group>"; };
		5C43090F22BF8FB800397436 /* APICallback.swift */ = {isa = PBXFileReference; lastKnownFileType = sourcecode.swift; path = APICallback.swift; sourceTree = "<group>"; };
		5C43091122BF94E200397436 /* Observable.swift */ = {isa = PBXFileReference; lastKnownFileType = sourcecode.swift; path = Observable.swift; sourceTree = "<group>"; };
		5C5140CD22B6E4980072C98E /* APIKit.framework */ = {isa = PBXFileReference; explicitFileType = wrapper.framework; includeInIndex = 0; path = APIKit.framework; sourceTree = BUILT_PRODUCTS_DIR; };
		5C5140D022B6E4990072C98E /* APIKit.h */ = {isa = PBXFileReference; lastKnownFileType = sourcecode.c.h; path = APIKit.h; sourceTree = "<group>"; };
		5C5140D122B6E4990072C98E /* Info.plist */ = {isa = PBXFileReference; lastKnownFileType = text.plist.xml; path = Info.plist; sourceTree = "<group>"; };
		5C5140D622B6E4990072C98E /* APIKitTests.xctest */ = {isa = PBXFileReference; explicitFileType = wrapper.cfbundle; includeInIndex = 0; path = APIKitTests.xctest; sourceTree = BUILT_PRODUCTS_DIR; };
		5C5140DB22B6E4990072C98E /* APIKitTests.swift */ = {isa = PBXFileReference; lastKnownFileType = sourcecode.swift; path = APIKitTests.swift; sourceTree = "<group>"; };
		5C5140DD22B6E4990072C98E /* Info.plist */ = {isa = PBXFileReference; lastKnownFileType = text.plist.xml; path = Info.plist; sourceTree = "<group>"; };
		5C5140E722B6E5440072C98E /* Call.swift */ = {isa = PBXFileReference; lastKnownFileType = sourcecode.swift; path = Call.swift; sourceTree = "<group>"; };
		5C5140E922B6EBB90072C98E /* APICall.swift */ = {isa = PBXFileReference; lastKnownFileType = sourcecode.swift; path = APICall.swift; sourceTree = "<group>"; };
		5C5140EC22B6EC220072C98E /* RequestSender.swift */ = {isa = PBXFileReference; lastKnownFileType = sourcecode.swift; path = RequestSender.swift; sourceTree = "<group>"; };
		5C5140F022B6EC930072C98E /* HTTPResponse.swift */ = {isa = PBXFileReference; lastKnownFileType = sourcecode.swift; path = HTTPResponse.swift; sourceTree = "<group>"; };
		5C5140F922B7034C0072C98E /* APIModel.swift */ = {isa = PBXFileReference; lastKnownFileType = sourcecode.swift; path = APIModel.swift; sourceTree = "<group>"; };
		5CC8660222D54CC600C0CE63 /* SampleApp.xcodeproj */ = {isa = PBXFileReference; lastKnownFileType = "wrapper.pb-project"; name = SampleApp.xcodeproj; path = ../SampleApp/SampleApp.xcodeproj; sourceTree = "<group>"; };
		5CC8660B22D54D5100C0CE63 /* Endpoint.swift */ = {isa = PBXFileReference; lastKnownFileType = sourcecode.swift; path = Endpoint.swift; sourceTree = "<group>"; };
		5CDA0D9C22C18E7B001FBC44 /* DemoSpec.swift */ = {isa = PBXFileReference; lastKnownFileType = sourcecode.swift; path = DemoSpec.swift; sourceTree = "<group>"; };
/* End PBXFileReference section */

/* Begin PBXFrameworksBuildPhase section */
		5C5140CA22B6E4980072C98E /* Frameworks */ = {
			isa = PBXFrameworksBuildPhase;
			buildActionMask = 2147483647;
			files = (
			);
			runOnlyForDeploymentPostprocessing = 0;
		};
		5C5140D322B6E4990072C98E /* Frameworks */ = {
			isa = PBXFrameworksBuildPhase;
			buildActionMask = 2147483647;
			files = (
				5C5140D722B6E4990072C98E /* APIKit.framework in Frameworks */,
			);
			runOnlyForDeploymentPostprocessing = 0;
		};
/* End PBXFrameworksBuildPhase section */

/* Begin PBXGroup section */
		5C5140C322B6E4980072C98E = {
			isa = PBXGroup;
			children = (
				5CC8660222D54CC600C0CE63 /* SampleApp.xcodeproj */,
				5C5140CF22B6E4980072C98E /* APIKit */,
				5C5140DA22B6E4990072C98E /* APIKitTests */,
				5C5140CE22B6E4980072C98E /* Products */,
				5CDA0D8B22C18143001FBC44 /* Frameworks */,
			);
			sourceTree = "<group>";
		};
		5C5140CE22B6E4980072C98E /* Products */ = {
			isa = PBXGroup;
			children = (
				5C5140CD22B6E4980072C98E /* APIKit.framework */,
				5C5140D622B6E4990072C98E /* APIKitTests.xctest */,
			);
			name = Products;
			sourceTree = "<group>";
		};
		5C5140CF22B6E4980072C98E /* APIKit */ = {
			isa = PBXGroup;
			children = (
				5C5140D022B6E4990072C98E /* APIKit.h */,
				5C5140D122B6E4990072C98E /* Info.plist */,
				5C5140E722B6E5440072C98E /* Call.swift */,
				093E4C502738430B00C184BA /* APIKit.swift */,
				5C43090F22BF8FB800397436 /* APICallback.swift */,
				5C5140E922B6EBB90072C98E /* APICall.swift */,
				5C43091122BF94E200397436 /* Observable.swift */,
				5CC8660B22D54D5100C0CE63 /* Endpoint.swift */,
				5C5140F922B7034C0072C98E /* APIModel.swift */,
				5C43090B22BF80CD00397436 /* APIError.swift */,
				5C43090D22BF81A900397436 /* Result.swift */,
				09CAD39E2735715100D2F2A3 /* HTTPMethod.swift */,
				5C5140EB22B6EC0E0072C98E /* Internal */,
			);
			path = APIKit;
			sourceTree = "<group>";
		};
		5C5140DA22B6E4990072C98E /* APIKitTests */ = {
			isa = PBXGroup;
			children = (
				5C5140DB22B6E4990072C98E /* APIKitTests.swift */,
				5CDA0D9C22C18E7B001FBC44 /* DemoSpec.swift */,
				5C5140DD22B6E4990072C98E /* Info.plist */,
			);
			path = APIKitTests;
			sourceTree = "<group>";
		};
		5C5140EB22B6EC0E0072C98E /* Internal */ = {
			isa = PBXGroup;
			children = (
				5C5140EC22B6EC220072C98E /* RequestSender.swift */,
				093E4C4A27383BCE00C184BA /* CredentialsStore.swift */,
				093E4C4E27383CD200C184BA /* TokenRefresher.swift */,
				5C5140F022B6EC930072C98E /* HTTPResponse.swift */,
			);
			path = Internal;
			sourceTree = "<group>";
		};
		5CC8660322D54CC600C0CE63 /* Products */ = {
			isa = PBXGroup;
			children = (
				5CC8660822D54CC600C0CE63 /* SampleApp.app */,
				5CC8660A22D54CC600C0CE63 /* SampleAppTests.xctest */,
			);
			name = Products;
			sourceTree = "<group>";
		};
		5CDA0D8B22C18143001FBC44 /* Frameworks */ = {
			isa = PBXGroup;
			children = (
			);
			name = Frameworks;
			sourceTree = "<group>";
		};
/* End PBXGroup section */

/* Begin PBXHeadersBuildPhase section */
		5C5140C822B6E4980072C98E /* Headers */ = {
			isa = PBXHeadersBuildPhase;
			buildActionMask = 2147483647;
			files = (
				5C5140DE22B6E4990072C98E /* APIKit.h in Headers */,
			);
			runOnlyForDeploymentPostprocessing = 0;
		};
/* End PBXHeadersBuildPhase section */

/* Begin PBXNativeTarget section */
		5C5140CC22B6E4980072C98E /* APIKit */ = {
			isa = PBXNativeTarget;
			buildConfigurationList = 5C5140E122B6E4990072C98E /* Build configuration list for PBXNativeTarget "APIKit" */;
			buildPhases = (
				5C5140C822B6E4980072C98E /* Headers */,
				5C5140C922B6E4980072C98E /* Sources */,
				5C5140CA22B6E4980072C98E /* Frameworks */,
				5C5140CB22B6E4980072C98E /* Resources */,
			);
			buildRules = (
			);
			dependencies = (
			);
			name = APIKit;
			productName = APIKit;
			productReference = 5C5140CD22B6E4980072C98E /* APIKit.framework */;
			productType = "com.apple.product-type.framework";
		};
		5C5140D522B6E4990072C98E /* APIKitTests */ = {
			isa = PBXNativeTarget;
			buildConfigurationList = 5C5140E422B6E4990072C98E /* Build configuration list for PBXNativeTarget "APIKitTests" */;
			buildPhases = (
				5C5140D222B6E4990072C98E /* Sources */,
				5C5140D322B6E4990072C98E /* Frameworks */,
				5C5140D422B6E4990072C98E /* Resources */,
			);
			buildRules = (
			);
			dependencies = (
				5C5140D922B6E4990072C98E /* PBXTargetDependency */,
			);
			name = APIKitTests;
			productName = APIKitTests;
			productReference = 5C5140D622B6E4990072C98E /* APIKitTests.xctest */;
			productType = "com.apple.product-type.bundle.unit-test";
		};
/* End PBXNativeTarget section */

/* Begin PBXProject section */
		5C5140C422B6E4980072C98E /* Project object */ = {
			isa = PBXProject;
			attributes = {
				LastSwiftUpdateCheck = 1010;
				LastUpgradeCheck = 1010;
				ORGANIZATIONNAME = "Airla Tech Ltd";
				TargetAttributes = {
					5C5140CC22B6E4980072C98E = {
						CreatedOnToolsVersion = 10.1;
						LastSwiftMigration = 1010;
					};
					5C5140D522B6E4990072C98E = {
						CreatedOnToolsVersion = 10.1;
					};
				};
			};
			buildConfigurationList = 5C5140C722B6E4980072C98E /* Build configuration list for PBXProject "APIKit" */;
			compatibilityVersion = "Xcode 9.3";
			developmentRegion = en;
			hasScannedForEncodings = 0;
			knownRegions = (
				en,
			);
			mainGroup = 5C5140C322B6E4980072C98E;
			productRefGroup = 5C5140CE22B6E4980072C98E /* Products */;
			projectDirPath = "";
			projectReferences = (
				{
					ProductGroup = 5CC8660322D54CC600C0CE63 /* Products */;
					ProjectRef = 5CC8660222D54CC600C0CE63 /* SampleApp.xcodeproj */;
				},
			);
			projectRoot = "";
			targets = (
				5C5140CC22B6E4980072C98E /* APIKit */,
				5C5140D522B6E4990072C98E /* APIKitTests */,
			);
		};
/* End PBXProject section */

/* Begin PBXReferenceProxy section */
		5CC8660822D54CC600C0CE63 /* SampleApp.app */ = {
			isa = PBXReferenceProxy;
			fileType = wrapper.application;
			path = SampleApp.app;
			remoteRef = 5CC8660722D54CC600C0CE63 /* PBXContainerItemProxy */;
			sourceTree = BUILT_PRODUCTS_DIR;
		};
		5CC8660A22D54CC600C0CE63 /* SampleAppTests.xctest */ = {
			isa = PBXReferenceProxy;
			fileType = wrapper.cfbundle;
			path = SampleAppTests.xctest;
			remoteRef = 5CC8660922D54CC600C0CE63 /* PBXContainerItemProxy */;
			sourceTree = BUILT_PRODUCTS_DIR;
		};
/* End PBXReferenceProxy section */

/* Begin PBXResourcesBuildPhase section */
		5C5140CB22B6E4980072C98E /* Resources */ = {
			isa = PBXResourcesBuildPhase;
			buildActionMask = 2147483647;
			files = (
			);
			runOnlyForDeploymentPostprocessing = 0;
		};
		5C5140D422B6E4990072C98E /* Resources */ = {
			isa = PBXResourcesBuildPhase;
			buildActionMask = 2147483647;
			files = (
			);
			runOnlyForDeploymentPostprocessing = 0;
		};
/* End PBXResourcesBuildPhase section */

/* Begin PBXSourcesBuildPhase section */
		5C5140C922B6E4980072C98E /* Sources */ = {
			isa = PBXSourcesBuildPhase;
			buildActionMask = 2147483647;
			files = (
				5C5140EA22B6EBB90072C98E /* APICall.swift in Sources */,
				5C43090E22BF81A900397436 /* Result.swift in Sources */,
				093E4C4F27383CD200C184BA /* TokenRefresher.swift in Sources */,
				5C5140FA22B7034C0072C98E /* APIModel.swift in Sources */,
				5CC8660C22D54D5100C0CE63 /* Endpoint.swift in Sources */,
				5C5140E822B6E5440072C98E /* Call.swift in Sources */,
				5C5140F122B6EC930072C98E /* HTTPResponse.swift in Sources */,
				5C43090C22BF80CD00397436 /* APIError.swift in Sources */,
				093E4C4B27383BCE00C184BA /* CredentialsStore.swift in Sources */,
				09CAD39F2735715100D2F2A3 /* HTTPMethod.swift in Sources */,
				5C43091022BF8FB800397436 /* APICallback.swift in Sources */,
				093E4C512738430B00C184BA /* APIKit.swift in Sources */,
				5C43091222BF94E200397436 /* Observable.swift in Sources */,
				5C5140ED22B6EC220072C98E /* RequestSender.swift in Sources */,
			);
			runOnlyForDeploymentPostprocessing = 0;
		};
		5C5140D222B6E4990072C98E /* Sources */ = {
			isa = PBXSourcesBuildPhase;
			buildActionMask = 2147483647;
			files = (
				5C5140DC22B6E4990072C98E /* APIKitTests.swift in Sources */,
				5CDA0D9D22C18E7B001FBC44 /* DemoSpec.swift in Sources */,
			);
			runOnlyForDeploymentPostprocessing = 0;
		};
/* End PBXSourcesBuildPhase section */

/* Begin PBXTargetDependency section */
		5C5140D922B6E4990072C98E /* PBXTargetDependency */ = {
			isa = PBXTargetDependency;
			target = 5C5140CC22B6E4980072C98E /* APIKit */;
			targetProxy = 5C5140D822B6E4990072C98E /* PBXContainerItemProxy */;
		};
/* End PBXTargetDependency section */

/* Begin XCBuildConfiguration section */
		5C5140DF22B6E4990072C98E /* Debug */ = {
			isa = XCBuildConfiguration;
			buildSettings = {
				ALWAYS_SEARCH_USER_PATHS = NO;
				CLANG_ANALYZER_NONNULL = YES;
				CLANG_ANALYZER_NUMBER_OBJECT_CONVERSION = YES_AGGRESSIVE;
				CLANG_CXX_LANGUAGE_STANDARD = "gnu++14";
				CLANG_CXX_LIBRARY = "libc++";
				CLANG_ENABLE_MODULES = YES;
				CLANG_ENABLE_OBJC_ARC = YES;
				CLANG_ENABLE_OBJC_WEAK = YES;
				CLANG_WARN_BLOCK_CAPTURE_AUTORELEASING = YES;
				CLANG_WARN_BOOL_CONVERSION = YES;
				CLANG_WARN_COMMA = YES;
				CLANG_WARN_CONSTANT_CONVERSION = YES;
				CLANG_WARN_DEPRECATED_OBJC_IMPLEMENTATIONS = YES;
				CLANG_WARN_DIRECT_OBJC_ISA_USAGE = YES_ERROR;
				CLANG_WARN_DOCUMENTATION_COMMENTS = YES;
				CLANG_WARN_EMPTY_BODY = YES;
				CLANG_WARN_ENUM_CONVERSION = YES;
				CLANG_WARN_INFINITE_RECURSION = YES;
				CLANG_WARN_INT_CONVERSION = YES;
				CLANG_WARN_NON_LITERAL_NULL_CONVERSION = YES;
				CLANG_WARN_OBJC_IMPLICIT_RETAIN_SELF = YES;
				CLANG_WARN_OBJC_LITERAL_CONVERSION = YES;
				CLANG_WARN_OBJC_ROOT_CLASS = YES_ERROR;
				CLANG_WARN_RANGE_LOOP_ANALYSIS = YES;
				CLANG_WARN_STRICT_PROTOTYPES = YES;
				CLANG_WARN_SUSPICIOUS_MOVE = YES;
				CLANG_WARN_UNGUARDED_AVAILABILITY = YES_AGGRESSIVE;
				CLANG_WARN_UNREACHABLE_CODE = YES;
				CLANG_WARN__DUPLICATE_METHOD_MATCH = YES;
				CODE_SIGN_IDENTITY = "iPhone Developer";
				COPY_PHASE_STRIP = NO;
				CURRENT_PROJECT_VERSION = 1;
				DEBUG_INFORMATION_FORMAT = dwarf;
				ENABLE_STRICT_OBJC_MSGSEND = YES;
				ENABLE_TESTABILITY = YES;
				GCC_C_LANGUAGE_STANDARD = gnu11;
				GCC_DYNAMIC_NO_PIC = NO;
				GCC_NO_COMMON_BLOCKS = YES;
				GCC_OPTIMIZATION_LEVEL = 0;
				GCC_PREPROCESSOR_DEFINITIONS = (
					"DEBUG=1",
					"$(inherited)",
				);
				GCC_WARN_64_TO_32_BIT_CONVERSION = YES;
				GCC_WARN_ABOUT_RETURN_TYPE = YES_ERROR;
				GCC_WARN_UNDECLARED_SELECTOR = YES;
				GCC_WARN_UNINITIALIZED_AUTOS = YES_AGGRESSIVE;
				GCC_WARN_UNUSED_FUNCTION = YES;
				GCC_WARN_UNUSED_VARIABLE = YES;
				IPHONEOS_DEPLOYMENT_TARGET = 12.1;
				MTL_ENABLE_DEBUG_INFO = INCLUDE_SOURCE;
				MTL_FAST_MATH = YES;
				ONLY_ACTIVE_ARCH = YES;
				SDKROOT = iphoneos;
				SWIFT_ACTIVE_COMPILATION_CONDITIONS = DEBUG;
				SWIFT_OPTIMIZATION_LEVEL = "-Onone";
				VERSIONING_SYSTEM = "apple-generic";
				VERSION_INFO_PREFIX = "";
			};
			name = Debug;
		};
		5C5140E022B6E4990072C98E /* Release */ = {
			isa = XCBuildConfiguration;
			buildSettings = {
				ALWAYS_SEARCH_USER_PATHS = NO;
				CLANG_ANALYZER_NONNULL = YES;
				CLANG_ANALYZER_NUMBER_OBJECT_CONVERSION = YES_AGGRESSIVE;
				CLANG_CXX_LANGUAGE_STANDARD = "gnu++14";
				CLANG_CXX_LIBRARY = "libc++";
				CLANG_ENABLE_MODULES = YES;
				CLANG_ENABLE_OBJC_ARC = YES;
				CLANG_ENABLE_OBJC_WEAK = YES;
				CLANG_WARN_BLOCK_CAPTURE_AUTORELEASING = YES;
				CLANG_WARN_BOOL_CONVERSION = YES;
				CLANG_WARN_COMMA = YES;
				CLANG_WARN_CONSTANT_CONVERSION = YES;
				CLANG_WARN_DEPRECATED_OBJC_IMPLEMENTATIONS = YES;
				CLANG_WARN_DIRECT_OBJC_ISA_USAGE = YES_ERROR;
				CLANG_WARN_DOCUMENTATION_COMMENTS = YES;
				CLANG_WARN_EMPTY_BODY = YES;
				CLANG_WARN_ENUM_CONVERSION = YES;
				CLANG_WARN_INFINITE_RECURSION = YES;
				CLANG_WARN_INT_CONVERSION = YES;
				CLANG_WARN_NON_LITERAL_NULL_CONVERSION = YES;
				CLANG_WARN_OBJC_IMPLICIT_RETAIN_SELF = YES;
				CLANG_WARN_OBJC_LITERAL_CONVERSION = YES;
				CLANG_WARN_OBJC_ROOT_CLASS = YES_ERROR;
				CLANG_WARN_RANGE_LOOP_ANALYSIS = YES;
				CLANG_WARN_STRICT_PROTOTYPES = YES;
				CLANG_WARN_SUSPICIOUS_MOVE = YES;
				CLANG_WARN_UNGUARDED_AVAILABILITY = YES_AGGRESSIVE;
				CLANG_WARN_UNREACHABLE_CODE = YES;
				CLANG_WARN__DUPLICATE_METHOD_MATCH = YES;
				CODE_SIGN_IDENTITY = "iPhone Developer";
				COPY_PHASE_STRIP = NO;
				CURRENT_PROJECT_VERSION = 1;
				DEBUG_INFORMATION_FORMAT = "dwarf-with-dsym";
				ENABLE_NS_ASSERTIONS = NO;
				ENABLE_STRICT_OBJC_MSGSEND = YES;
				GCC_C_LANGUAGE_STANDARD = gnu11;
				GCC_NO_COMMON_BLOCKS = YES;
				GCC_WARN_64_TO_32_BIT_CONVERSION = YES;
				GCC_WARN_ABOUT_RETURN_TYPE = YES_ERROR;
				GCC_WARN_UNDECLARED_SELECTOR = YES;
				GCC_WARN_UNINITIALIZED_AUTOS = YES_AGGRESSIVE;
				GCC_WARN_UNUSED_FUNCTION = YES;
				GCC_WARN_UNUSED_VARIABLE = YES;
				IPHONEOS_DEPLOYMENT_TARGET = 12.1;
				MTL_ENABLE_DEBUG_INFO = NO;
				MTL_FAST_MATH = YES;
				SDKROOT = iphoneos;
				SWIFT_COMPILATION_MODE = wholemodule;
				SWIFT_OPTIMIZATION_LEVEL = "-O";
				VALIDATE_PRODUCT = YES;
				VERSIONING_SYSTEM = "apple-generic";
				VERSION_INFO_PREFIX = "";
			};
			name = Release;
		};
		5C5140E222B6E4990072C98E /* Debug */ = {
			isa = XCBuildConfiguration;
			buildSettings = {
				CLANG_ENABLE_MODULES = YES;
				CODE_SIGN_IDENTITY = "";
				CODE_SIGN_STYLE = Automatic;
				DEFINES_MODULE = YES;
				DYLIB_COMPATIBILITY_VERSION = 1;
				DYLIB_CURRENT_VERSION = 1;
				DYLIB_INSTALL_NAME_BASE = "@rpath";
				INFOPLIST_FILE = APIKit/Info.plist;
				INSTALL_PATH = "$(LOCAL_LIBRARY_DIR)/Frameworks";
				LD_RUNPATH_SEARCH_PATHS = (
					"$(inherited)",
					"@executable_path/Frameworks",
					"@loader_path/Frameworks",
				);
				PRODUCT_BUNDLE_IDENTIFIER = com.codeonomics.APIKit;
				PRODUCT_NAME = "$(TARGET_NAME:c99extidentifier)";
				SKIP_INSTALL = YES;
				SWIFT_OPTIMIZATION_LEVEL = "-Onone";
				SWIFT_VERSION = 4.2;
				TARGETED_DEVICE_FAMILY = "1,2";
			};
			name = Debug;
		};
		5C5140E322B6E4990072C98E /* Release */ = {
			isa = XCBuildConfiguration;
			buildSettings = {
				CLANG_ENABLE_MODULES = YES;
				CODE_SIGN_IDENTITY = "";
				CODE_SIGN_STYLE = Automatic;
				DEFINES_MODULE = YES;
				DYLIB_COMPATIBILITY_VERSION = 1;
				DYLIB_CURRENT_VERSION = 1;
				DYLIB_INSTALL_NAME_BASE = "@rpath";
				INFOPLIST_FILE = APIKit/Info.plist;
				INSTALL_PATH = "$(LOCAL_LIBRARY_DIR)/Frameworks";
				LD_RUNPATH_SEARCH_PATHS = (
					"$(inherited)",
					"@executable_path/Frameworks",
					"@loader_path/Frameworks",
				);
				PRODUCT_BUNDLE_IDENTIFIER = com.codeonomics.APIKit;
				PRODUCT_NAME = "$(TARGET_NAME:c99extidentifier)";
				SKIP_INSTALL = YES;
				SWIFT_VERSION = 4.2;
				TARGETED_DEVICE_FAMILY = "1,2";
			};
			name = Release;
		};
		5C5140E522B6E4990072C98E /* Debug */ = {
			isa = XCBuildConfiguration;
			buildSettings = {
				ALWAYS_EMBED_SWIFT_STANDARD_LIBRARIES = YES;
				CODE_SIGN_STYLE = Automatic;
				INFOPLIST_FILE = APIKitTests/Info.plist;
				LD_RUNPATH_SEARCH_PATHS = (
					"$(inherited)",
					"@executable_path/Frameworks",
					"@loader_path/Frameworks",
				);
				PRODUCT_BUNDLE_IDENTIFIER = com.airlatech..APIKitTests;
				PRODUCT_NAME = "$(TARGET_NAME)";
				SWIFT_VERSION = 4.2;
				TARGETED_DEVICE_FAMILY = "1,2";
			};
			name = Debug;
		};
		5C5140E622B6E4990072C98E /* Release */ = {
			isa = XCBuildConfiguration;
			buildSettings = {
				ALWAYS_EMBED_SWIFT_STANDARD_LIBRARIES = YES;
				CODE_SIGN_STYLE = Automatic;
				INFOPLIST_FILE = APIKitTests/Info.plist;
				LD_RUNPATH_SEARCH_PATHS = (
					"$(inherited)",
					"@executable_path/Frameworks",
					"@loader_path/Frameworks",
				);
				PRODUCT_BUNDLE_IDENTIFIER = com.airlatech..APIKitTests;
				PRODUCT_NAME = "$(TARGET_NAME)";
				SWIFT_VERSION = 4.2;
				TARGETED_DEVICE_FAMILY = "1,2";
			};
			name = Release;
		};
/* End XCBuildConfiguration section */

/* Begin XCConfigurationList section */
		5C5140C722B6E4980072C98E /* Build configuration list for PBXProject "APIKit" */ = {
			isa = XCConfigurationList;
			buildConfigurations = (
				5C5140DF22B6E4990072C98E /* Debug */,
				5C5140E022B6E4990072C98E /* Release */,
			);
			defaultConfigurationIsVisible = 0;
			defaultConfigurationName = Release;
		};
		5C5140E122B6E4990072C98E /* Build configuration list for PBXNativeTarget "APIKit" */ = {
			isa = XCConfigurationList;
			buildConfigurations = (
				5C5140E222B6E4990072C98E /* Debug */,
				5C5140E322B6E4990072C98E /* Release */,
			);
			defaultConfigurationIsVisible = 0;
			defaultConfigurationName = Release;
		};
		5C5140E422B6E4990072C98E /* Build configuration list for PBXNativeTarget "APIKitTests" */ = {
			isa = XCConfigurationList;
			buildConfigurations = (
				5C5140E522B6E4990072C98E /* Debug */,
				5C5140E622B6E4990072C98E /* Release */,
			);
			defaultConfigurationIsVisible = 0;
			defaultConfigurationName = Release;
		};
/* End XCConfigurationList section */
	};
	rootObject = 5C5140C422B6E4980072C98E /* Project object */;
}
